// !$*UTF8*$!
{
	archiveVersion = 1;
	classes = {
	};
	objectVersion = 50;
	objects = {

/* Begin PBXBuildFile section */
		00438C9B256DA6AA00EB0387 /* AppDelegate.swift in Sources */ = {isa = PBXBuildFile; fileRef = 00438C9A256DA6AA00EB0387 /* AppDelegate.swift */; };
		00438C9D256DA6AA00EB0387 /* SceneDelegate.swift in Sources */ = {isa = PBXBuildFile; fileRef = 00438C9C256DA6AA00EB0387 /* SceneDelegate.swift */; };
		00438C9F256DA6AA00EB0387 /* ViewController.swift in Sources */ = {isa = PBXBuildFile; fileRef = 00438C9E256DA6AA00EB0387 /* ViewController.swift */; };
		00438CA2256DA6AA00EB0387 /* Main.storyboard in Resources */ = {isa = PBXBuildFile; fileRef = 00438CA0256DA6AA00EB0387 /* Main.storyboard */; };
		00438CA4256DA6AC00EB0387 /* Assets.xcassets in Resources */ = {isa = PBXBuildFile; fileRef = 00438CA3256DA6AC00EB0387 /* Assets.xcassets */; };
		00438CA7256DA6AC00EB0387 /* LaunchScreen.storyboard in Resources */ = {isa = PBXBuildFile; fileRef = 00438CA5256DA6AC00EB0387 /* LaunchScreen.storyboard */; };
/* End PBXBuildFile section */

/* Begin PBXFileReference section */
		00438C97256DA6AA00EB0387 /* First Kadai App.app */ = {isa = PBXFileReference; explicitFileType = wrapper.application; includeInIndex = 0; path = "First Kadai App.app"; sourceTree = BUILT_PRODUCTS_DIR; };
		00438C9A256DA6AA00EB0387 /* AppDelegate.swift */ = {isa = PBXFileReference; lastKnownFileType = sourcecode.swift; path = AppDelegate.swift; sourceTree = "<group>"; };
		00438C9C256DA6AA00EB0387 /* SceneDelegate.swift */ = {isa = PBXFileReference; lastKnownFileType = sourcecode.swift; path = SceneDelegate.swift; sourceTree = "<group>"; };
		00438C9E256DA6AA00EB0387 /* ViewController.swift */ = {isa = PBXFileReference; lastKnownFileType = sourcecode.swift; path = ViewController.swift; sourceTree = "<group>"; };
		00438CA1256DA6AA00EB0387 /* Base */ = {isa = PBXFileReference; lastKnownFileType = file.storyboard; name = Base; path = Base.lproj/Main.storyboard; sourceTree = "<group>"; };
		00438CA3256DA6AC00EB0387 /* Assets.xcassets */ = {isa = PBXFileReference; lastKnownFileType = folder.assetcatalog; path = Assets.xcassets; sourceTree = "<group>"; };
		00438CA6256DA6AC00EB0387 /* Base */ = {isa = PBXFileReference; lastKnownFileType = file.storyboard; name = Base; path = Base.lproj/LaunchScreen.storyboard; sourceTree = "<group>"; };
		00438CA8256DA6AC00EB0387 /* Info.plist */ = {isa = PBXFileReference; lastKnownFileType = text.plist.xml; path = Info.plist; sourceTree = "<group>"; };
/* End PBXFileReference section */

/* Begin PBXFrameworksBuildPhase section */
		00438C94256DA6AA00EB0387 /* Frameworks */ = {
			isa = PBXFrameworksBuildPhase;
			buildActionMask = 2147483647;
			files = (
			);
			runOnlyForDeploymentPostprocessing = 0;
		};
/* End PBXFrameworksBuildPhase section */

/* Begin PBXGroup section */
		00438C8E256DA6AA00EB0387 = {
			isa = PBXGroup;
			children = (
				00438C99256DA6AA00EB0387 /* First Kadai App */,
				00438C98256DA6AA00EB0387 /* Products */,
			);
			sourceTree = "<group>";
		};
		00438C98256DA6AA00EB0387 /* Products */ = {
			isa = PBXGroup;
			children = (
				00438C97256DA6AA00EB0387 /* First Kadai App.app */,
			);
			name = Products;
			sourceTree = "<group>";
		};
		00438C99256DA6AA00EB0387 /* First Kadai App */ = {
			isa = PBXGroup;
			children = (
				00438C9A256DA6AA00EB0387 /* AppDelegate.swift */,
				00438C9C256DA6AA00EB0387 /* SceneDelegate.swift */,
				00438C9E256DA6AA00EB0387 /* ViewController.swift */,
				00438CA0256DA6AA00EB0387 /* Main.storyboard */,
				00438CA3256DA6AC00EB0387 /* Assets.xcassets */,
				00438CA5256DA6AC00EB0387 /* LaunchScreen.storyboard */,
				00438CA8256DA6AC00EB0387 /* Info.plist */,
			);
			path = "First Kadai App";
			sourceTree = "<group>";
		};
/* End PBXGroup section */

/* Begin PBXNativeTarget section */
		00438C96256DA6AA00EB0387 /* First Kadai App */ = {
			isa = PBXNativeTarget;
			buildConfigurationList = 00438CAB256DA6AC00EB0387 /* Build configuration list for PBXNativeTarget "First Kadai App" */;
			buildPhases = (
				00438C93256DA6AA00EB0387 /* Sources */,
				00438C94256DA6AA00EB0387 /* Frameworks */,
				00438C95256DA6AA00EB0387 /* Resources */,
			);
			buildRules = (
			);
			dependencies = (
			);
			name = "First Kadai App";
			productName = "First Kadai App";
			productReference = 00438C97256DA6AA00EB0387 /* First Kadai App.app */;
			productType = "com.apple.product-type.application";
		};
/* End PBXNativeTarget section */

/* Begin PBXProject section */
		00438C8F256DA6AA00EB0387 /* Project object */ = {
			isa = PBXProject;
			attributes = {
				LastSwiftUpdateCheck = 1150;
				LastUpgradeCheck = 1150;
				ORGANIZATIONNAME = apple8;
				TargetAttributes = {
					00438C96256DA6AA00EB0387 = {
						CreatedOnToolsVersion = 11.5;
					};
				};
			};
			buildConfigurationList = 00438C92256DA6AA00EB0387 /* Build configuration list for PBXProject "First Kadai App" */;
			compatibilityVersion = "Xcode 9.3";
			developmentRegion = en;
			hasScannedForEncodings = 0;
			knownRegions = (
				en,
				Base,
			);
			mainGroup = 00438C8E256DA6AA00EB0387;
			productRefGroup = 00438C98256DA6AA00EB0387 /* Products */;
			projectDirPath = "";
			projectRoot = "";
			targets = (
				00438C96256DA6AA00EB0387 /* First Kadai App */,
			);
		};
/* End PBXProject section */

/* Begin PBXResourcesBuildPhase section */
		00438C95256DA6AA00EB0387 /* Resources */ = {
			isa = PBXResourcesBuildPhase;
			buildActionMask = 2147483647;
			files = (
				00438CA7256DA6AC00EB0387 /* LaunchScreen.storyboard in Resources */,
				00438CA4256DA6AC00EB0387 /* Assets.xcassets in Resources */,
				00438CA2256DA6AA00EB0387 /* Main.storyboard in Resources */,
			);
			runOnlyForDeploymentPostprocessing = 0;
		};
/* End PBXResourcesBuildPhase section */

/* Begin PBXSourcesBuildPhase section */
		00438C93256DA6AA00EB0387 /* Sources */ = {
			isa = PBXSourcesBuildPhase;
			buildActionMask = 2147483647;
			files = (
				00438C9F256DA6AA00EB0387 /* ViewController.swift in Sources */,
				00438C9B256DA6AA00EB0387 /* AppDelegate.swift in Sources */,
				00438C9D256DA6AA00EB0387 /* SceneDelegate.swift in Sources */,
			);
			runOnlyForDeploymentPostprocessing = 0;
		};
/* End PBXSourcesBuildPhase section */

/* Begin PBXVariantGroup section */
		00438CA0256DA6AA00EB0387 /* Main.storyboard */ = {
			isa = PBXVariantGroup;
			children = (
				00438CA1256DA6AA00EB0387 /* Base */,
			);
			name = Main.storyboard;
			sourceTree = "<group>";
		};
		00438CA5256DA6AC00EB0387 /* LaunchScreen.storyboard */ = {
			isa = PBXVariantGroup;
			children = (
				00438CA6256DA6AC00EB0387 /* Base */,
			);
			name = LaunchScreen.storyboard;
			sourceTree = "<group>";
		};
/* End PBXVariantGroup section */

/* Begin XCBuildConfiguration section */
		00438CA9256DA6AC00EB0387 /* Debug */ = {
			isa = XCBuildConfiguration;
			buildSettings = {
				ALWAYS_SEARCH_USER_PATHS = NO;
				CLANG_ANALYZER_NONNULL = YES;
				CLANG_ANALYZER_NUMBER_OBJECT_CONVERSION = YES_AGGRESSIVE;
				CLANG_CXX_LANGUAGE_STANDARD = "gnu++14";
				CLANG_CXX_LIBRARY = "libc++";
				CLANG_ENABLE_MODULES = YES;
				CLANG_ENABLE_OBJC_ARC = YES;
				CLANG_ENABLE_OBJC_WEAK = YES;
				CLANG_WARN_BLOCK_CAPTURE_AUTORELEASING = YES;
				CLANG_WARN_BOOL_CONVERSION = YES;
				CLANG_WARN_COMMA = YES;
				CLANG_WARN_CONSTANT_CONVERSION = YES;
				CLANG_WARN_DEPRECATED_OBJC_IMPLEMENTATIONS = YES;
				CLANG_WARN_DIRECT_OBJC_ISA_USAGE = YES_ERROR;
				CLANG_WARN_DOCUMENTATION_COMMENTS = YES;
				CLANG_WARN_EMPTY_BODY = YES;
				CLANG_WARN_ENUM_CONVERSION = YES;
				CLANG_WARN_INFINITE_RECURSION = YES;
				CLANG_WARN_INT_CONVERSION = YES;
				CLANG_WARN_NON_LITERAL_NULL_CONVERSION = YES;
				CLANG_WARN_OBJC_IMPLICIT_RETAIN_SELF = YES;
				CLANG_WARN_OBJC_LITERAL_CONVERSION = YES;
				CLANG_WARN_OBJC_ROOT_CLASS = YES_ERROR;
				CLANG_WARN_RANGE_LOOP_ANALYSIS = YES;
				CLANG_WARN_STRICT_PROTOTYPES = YES;
				CLANG_WARN_SUSPICIOUS_MOVE = YES;
				CLANG_WARN_UNGUARDED_AVAILABILITY = YES_AGGRESSIVE;
				CLANG_WARN_UNREACHABLE_CODE = YES;
				CLANG_WARN__DUPLICATE_METHOD_MATCH = YES;
				COPY_PHASE_STRIP = NO;
				DEBUG_INFORMATION_FORMAT = dwarf;
				ENABLE_STRICT_OBJC_MSGSEND = YES;
				ENABLE_TESTABILITY = YES;
				GCC_C_LANGUAGE_STANDARD = gnu11;
				GCC_DYNAMIC_NO_PIC = NO;
				GCC_NO_COMMON_BLOCKS = YES;
				GCC_OPTIMIZATION_LEVEL = 0;
				GCC_PREPROCESSOR_DEFINITIONS = (
					"DEBUG=1",
					"$(inherited)",
				);
				GCC_WARN_64_TO_32_BIT_CONVERSION = YES;
				GCC_WARN_ABOUT_RETURN_TYPE = YES_ERROR;
				GCC_WARN_UNDECLARED_SELECTOR = YES;
				GCC_WARN_UNINITIALIZED_AUTOS = YES_AGGRESSIVE;
				GCC_WARN_UNUSED_FUNCTION = YES;
				GCC_WARN_UNUSED_VARIABLE = YES;
				IPHONEOS_DEPLOYMENT_TARGET = 13.5;
				MTL_ENABLE_DEBUG_INFO = INCLUDE_SOURCE;
				MTL_FAST_MATH = YES;
				ONLY_ACTIVE_ARCH = YES;
				SDKROOT = iphoneos;
				SWIFT_ACTIVE_COMPILATION_CONDITIONS = DEBUG;
				SWIFT_OPTIMIZATION_LEVEL = "-Onone";
			};
			name = Debug;
		};
		00438CAA256DA6AC00EB0387 /* Release */ = {
			isa = XCBuildConfiguration;
			buildSettings = {
				ALWAYS_SEARCH_USER_PATHS = NO;
				CLANG_ANALYZER_NONNULL = YES;
				CLANG_ANALYZER_NUMBER_OBJECT_CONVERSION = YES_AGGRESSIVE;
				CLANG_CXX_LANGUAGE_STANDARD = "gnu++14";
				CLANG_CXX_LIBRARY = "libc++";
				CLANG_ENABLE_MODULES = YES;
				CLANG_ENABLE_OBJC_ARC = YES;
				CLANG_ENABLE_OBJC_WEAK = YES;
				CLANG_WARN_BLOCK_CAPTURE_AUTORELEASING = YES;
				CLANG_WARN_BOOL_CONVERSION = YES;
				CLANG_WARN_COMMA = YES;
				CLANG_WARN_CONSTANT_CONVERSION = YES;
				CLANG_WARN_DEPRECATED_OBJC_IMPLEMENTATIONS = YES;
				CLANG_WARN_DIRECT_OBJC_ISA_USAGE = YES_ERROR;
				CLANG_WARN_DOCUMENTATION_COMMENTS = YES;
				CLANG_WARN_EMPTY_BODY = YES;
				CLANG_WARN_ENUM_CONVERSION = YES;
				CLANG_WARN_INFINITE_RECURSION = YES;
				CLANG_WARN_INT_CONVERSION = YES;
				CLANG_WARN_NON_LITERAL_NULL_CONVERSION = YES;
				CLANG_WARN_OBJC_IMPLICIT_RETAIN_SELF = YES;
				CLANG_WARN_OBJC_LITERAL_CONVERSION = YES;
				CLANG_WARN_OBJC_ROOT_CLASS = YES_ERROR;
				CLANG_WARN_RANGE_LOOP_ANALYSIS = YES;
				CLANG_WARN_STRICT_PROTOTYPES = YES;
				CLANG_WARN_SUSPICIOUS_MOVE = YES;
				CLANG_WARN_UNGUARDED_AVAILABILITY = YES_AGGRESSIVE;
				CLANG_WARN_UNREACHABLE_CODE = YES;
				CLANG_WARN__DUPLICATE_METHOD_MATCH = YES;
				COPY_PHASE_STRIP = NO;
				DEBUG_INFORMATION_FORMAT = "dwarf-with-dsym";
				ENABLE_NS_ASSERTIONS = NO;
				ENABLE_STRICT_OBJC_MSGSEND = YES;
				GCC_C_LANGUAGE_STANDARD = gnu11;
				GCC_NO_COMMON_BLOCKS = YES;
				GCC_WARN_64_TO_32_BIT_CONVERSION = YES;
				GCC_WARN_ABOUT_RETURN_TYPE = YES_ERROR;
				GCC_WARN_UNDECLARED_SELECTOR = YES;
				GCC_WARN_UNINITIALIZED_AUTOS = YES_AGGRESSIVE;
				GCC_WARN_UNUSED_FUNCTION = YES;
				GCC_WARN_UNUSED_VARIABLE = YES;
				IPHONEOS_DEPLOYMENT_TARGET = 13.5;
				MTL_ENABLE_DEBUG_INFO = NO;
				MTL_FAST_MATH = YES;
				SDKROOT = iphoneos;
				SWIFT_COMPILATION_MODE = wholemodule;
				SWIFT_OPTIMIZATION_LEVEL = "-O";
				VALIDATE_PRODUCT = YES;
			};
			name = Release;
		};
		00438CAC256DA6AC00EB0387 /* Debug */ = {
			isa = XCBuildConfiguration;
			buildSettings = {
				ASSETCATALOG_COMPILER_APPICON_NAME = AppIcon;
				CODE_SIGN_STYLE = Automatic;
				DEVELOPMENT_TEAM = 9DBV92A7H9;
				INFOPLIST_FILE = "First Kadai App/Info.plist";
				LD_RUNPATH_SEARCH_PATHS = (
					"$(inherited)",
					"@executable_path/Frameworks",
				);
				PRODUCT_BUNDLE_IDENTIFIER = "jp.techacademy.apple.8.First-Kadai-App";
				PRODUCT_NAME = "$(TARGET_NAME)";
				SWIFT_VERSION = 5.0;
				TARGETED_DEVICE_FAMILY = "1,2";
			};
			name = Debug;
		};
		00438CAD256DA6AC00EB0387 /* Release */ = {
			isa = XCBuildConfiguration;
			buildSettings = {
				ASSETCATALOG_COMPILER_APPICON_NAME = AppIcon;
				CODE_SIGN_STYLE = Automatic;
				DEVELOPMENT_TEAM = 9DBV92A7H9;
				INFOPLIST_FILE = "First Kadai App/Info.plist";
				LD_RUNPATH_SEARCH_PATHS = (
					"$(inherited)",
					"@executable_path/Frameworks",
				);
				PRODUCT_BUNDLE_IDENTIFIER = "jp.techacademy.apple.8.First-Kadai-App";
				PRODUCT_NAME = "$(TARGET_NAME)";
				SWIFT_VERSION = 5.0;
				TARGETED_DEVICE_FAMILY = "1,2";
			};
			name = Release;
		};
/* End XCBuildConfiguration section */

/* Begin XCConfigurationList section */
		00438C92256DA6AA00EB0387 /* Build configuration list for PBXProject "First Kadai App" */ = {
			isa = XCConfigurationList;
			buildConfigurations = (
				00438CA9256DA6AC00EB0387 /* Debug */,
				00438CAA256DA6AC00EB0387 /* Release */,
			);
			defaultConfigurationIsVisible = 0;
			defaultConfigurationName = Release;
		};
		00438CAB256DA6AC00EB0387 /* Build configuration list for PBXNativeTarget "First Kadai App" */ = {
			isa = XCConfigurationList;
			buildConfigurations = (
				00438CAC256DA6AC00EB0387 /* Debug */,
				00438CAD256DA6AC00EB0387 /* Release */,
			);
			defaultConfigurationIsVisible = 0;
			defaultConfigurationName = Release;
		};
/* End XCConfigurationList section */
	};
	rootObject = 00438C8F256DA6AA00EB0387 /* Project object */;
}
